
Microsoft Visual Studio Solution File, Format Version 12.00
# Visual Studio Version 17
VisualStudioVersion = 17.0.31903.59
MinimumVisualStudioVersion = 10.0.40219.1
Project("{2150E333-8FDC-42A3-9474-1A3956D46DE8}") = "src", "src", "{4CA1991B-2B90-4198-9D8B-B9D93745D86C}"
EndProject
Project("{FAE04EC0-301F-11D3-BF4B-00C04F79EFBC}") = "Aihrly.Api", "src\Aihrly.Api\Aihrly.Api.csproj", "{401624CB-EBA1-4EA3-96F5-1DC7896833AE}"
EndProject
Global
	GlobalSection(SolutionConfigurationPlatforms) = preSolution
		Debug|Any CPU = Debug|Any CPU
		Release|Any CPU = Release|Any CPU
	EndGlobalSection
	GlobalSection(SolutionProperties) = preSolution
		HideSolutionNode = FALSE
	EndGlobalSection
	GlobalSection(ProjectConfigurationPlatforms) = postSolution
		{401624CB-EBA1-4EA3-96F5-1DC7896833AE}.Debug|Any CPU.ActiveCfg = Debug|Any CPU
		{401624CB-EBA1-4EA3-96F5-1DC7896833AE}.Debug|Any CPU.Build.0 = Debug|Any CPU
		{401624CB-EBA1-4EA3-96F5-1DC7896833AE}.Release|Any CPU.ActiveCfg = Release|Any CPU
		{401624CB-EBA1-4EA3-96F5-1DC7896833AE}.Release|Any CPU.Build.0 = Release|Any CPU
	EndGlobalSection
	GlobalSection(NestedProjects) = preSolution
		{401624CB-EBA1-4EA3-96F5-1DC7896833AE} = {4CA1991B-2B90-4198-9D8B-B9D93745D86C}
	EndGlobalSection
EndGlobal
